// !$*UTF8*$!
{
	archiveVersion = 1;
	classes = {
	};
	objectVersion = 55;
	objects = {

/* Begin PBXBuildFile section */
		9053AFCE2785AFC300D7571E /* PricesViewController.swift in Sources */ = {isa = PBXBuildFile; fileRef = 9053AFCD2785AFC300D7571E /* PricesViewController.swift */; };
		9053AFD12785B02700D7571E /* NewsViewController.swift in Sources */ = {isa = PBXBuildFile; fileRef = 9053AFD02785B02700D7571E /* NewsViewController.swift */; };
		9053AFD32785B05A00D7571E /* DiscoverViewController.swift in Sources */ = {isa = PBXBuildFile; fileRef = 9053AFD22785B05A00D7571E /* DiscoverViewController.swift */; };
		9053AFD62785B2A100D7571E /* Alamofire in Frameworks */ = {isa = PBXBuildFile; productRef = 9053AFD52785B2A100D7571E /* Alamofire */; };
		9053AFD82785B57500D7571E /* CoinData.swift in Sources */ = {isa = PBXBuildFile; fileRef = 9053AFD72785B57500D7571E /* CoinData.swift */; };
		9053AFDD2785BD8800D7571E /* Kingfisher in Frameworks */ = {isa = PBXBuildFile; productRef = 9053AFDC2785BD8800D7571E /* Kingfisher */; };
		9053AFE22785BFF600D7571E /* CoinCell.swift in Sources */ = {isa = PBXBuildFile; fileRef = 9053AFE02785BFF600D7571E /* CoinCell.swift */; };
		9053AFE32785BFF600D7571E /* CoinCell.xib in Resources */ = {isa = PBXBuildFile; fileRef = 9053AFE12785BFF600D7571E /* CoinCell.xib */; };
		90BE57072786A42A00AE4E89 /* PriceCell.swift in Sources */ = {isa = PBXBuildFile; fileRef = 90BE57052786A42A00AE4E89 /* PriceCell.swift */; };
		90BE57082786A42A00AE4E89 /* PriceCell.xib in Resources */ = {isa = PBXBuildFile; fileRef = 90BE57062786A42A00AE4E89 /* PriceCell.xib */; };
		90BE570A2786C37F00AE4E89 /* CoinDetailViewController.swift in Sources */ = {isa = PBXBuildFile; fileRef = 90BE57092786C37F00AE4E89 /* CoinDetailViewController.swift */; };
		90BE570D2786D47E00AE4E89 /* CoinLinkCell.swift in Sources */ = {isa = PBXBuildFile; fileRef = 90BE570B2786D47E00AE4E89 /* CoinLinkCell.swift */; };
		90BE570E2786D47E00AE4E89 /* CoinLinkCell.xib in Resources */ = {isa = PBXBuildFile; fileRef = 90BE570C2786D47E00AE4E89 /* CoinLinkCell.xib */; };
		90C7115D278599FE004C7DB0 /* AppDelegate.swift in Sources */ = {isa = PBXBuildFile; fileRef = 90C7115C278599FE004C7DB0 /* AppDelegate.swift */; };
		90C7115F278599FE004C7DB0 /* SceneDelegate.swift in Sources */ = {isa = PBXBuildFile; fileRef = 90C7115E278599FE004C7DB0 /* SceneDelegate.swift */; };
		90C71161278599FE004C7DB0 /* ViewController.swift in Sources */ = {isa = PBXBuildFile; fileRef = 90C71160278599FE004C7DB0 /* ViewController.swift */; };
		90C71164278599FE004C7DB0 /* Main.storyboard in Resources */ = {isa = PBXBuildFile; fileRef = 90C71162278599FE004C7DB0 /* Main.storyboard */; };
		90C71166278599FF004C7DB0 /* Assets.xcassets in Resources */ = {isa = PBXBuildFile; fileRef = 90C71165278599FF004C7DB0 /* Assets.xcassets */; };
		90C71169278599FF004C7DB0 /* LaunchScreen.storyboard in Resources */ = {isa = PBXBuildFile; fileRef = 90C71167278599FF004C7DB0 /* LaunchScreen.storyboard */; };
		90C7117127859AC4004C7DB0 /* CoinsViewController.swift in Sources */ = {isa = PBXBuildFile; fileRef = 90C7117027859AC4004C7DB0 /* CoinsViewController.swift */; };
/* End PBXBuildFile section */

/* Begin PBXFileReference section */
		9053AFCD2785AFC300D7571E /* PricesViewController.swift */ = {isa = PBXFileReference; lastKnownFileType = sourcecode.swift; path = PricesViewController.swift; sourceTree = "<group>"; };
		9053AFD02785B02700D7571E /* NewsViewController.swift */ = {isa = PBXFileReference; lastKnownFileType = sourcecode.swift; path = NewsViewController.swift; sourceTree = "<group>"; };
		9053AFD22785B05A00D7571E /* DiscoverViewController.swift */ = {isa = PBXFileReference; lastKnownFileType = sourcecode.swift; path = DiscoverViewController.swift; sourceTree = "<group>"; };
		9053AFD72785B57500D7571E /* CoinData.swift */ = {isa = PBXFileReference; lastKnownFileType = sourcecode.swift; path = CoinData.swift; sourceTree = "<group>"; };
		9053AFE02785BFF600D7571E /* CoinCell.swift */ = {isa = PBXFileReference; lastKnownFileType = sourcecode.swift; path = CoinCell.swift; sourceTree = "<group>"; };
		9053AFE12785BFF600D7571E /* CoinCell.xib */ = {isa = PBXFileReference; lastKnownFileType = file.xib; path = CoinCell.xib; sourceTree = "<group>"; };
		90BE57052786A42A00AE4E89 /* PriceCell.swift */ = {isa = PBXFileReference; lastKnownFileType = sourcecode.swift; path = PriceCell.swift; sourceTree = "<group>"; };
		90BE57062786A42A00AE4E89 /* PriceCell.xib */ = {isa = PBXFileReference; lastKnownFileType = file.xib; path = PriceCell.xib; sourceTree = "<group>"; };
		90BE57092786C37F00AE4E89 /* CoinDetailViewController.swift */ = {isa = PBXFileReference; lastKnownFileType = sourcecode.swift; path = CoinDetailViewController.swift; sourceTree = "<group>"; };
		90BE570B2786D47E00AE4E89 /* CoinLinkCell.swift */ = {isa = PBXFileReference; lastKnownFileType = sourcecode.swift; path = CoinLinkCell.swift; sourceTree = "<group>"; };
		90BE570C2786D47E00AE4E89 /* CoinLinkCell.xib */ = {isa = PBXFileReference; lastKnownFileType = file.xib; path = CoinLinkCell.xib; sourceTree = "<group>"; };
		90C71159278599FE004C7DB0 /* CoinTracker.app */ = {isa = PBXFileReference; explicitFileType = wrapper.application; includeInIndex = 0; path = CoinTracker.app; sourceTree = BUILT_PRODUCTS_DIR; };
		90C7115C278599FE004C7DB0 /* AppDelegate.swift */ = {isa = PBXFileReference; lastKnownFileType = sourcecode.swift; path = AppDelegate.swift; sourceTree = "<group>"; };
		90C7115E278599FE004C7DB0 /* SceneDelegate.swift */ = {isa = PBXFileReference; lastKnownFileType = sourcecode.swift; path = SceneDelegate.swift; sourceTree = "<group>"; };
		90C71160278599FE004C7DB0 /* ViewController.swift */ = {isa = PBXFileReference; lastKnownFileType = sourcecode.swift; path = ViewController.swift; sourceTree = "<group>"; };
		90C71163278599FE004C7DB0 /* Base */ = {isa = PBXFileReference; lastKnownFileType = file.storyboard; name = Base; path = Base.lproj/Main.storyboard; sourceTree = "<group>"; };
		90C71165278599FF004C7DB0 /* Assets.xcassets */ = {isa = PBXFileReference; lastKnownFileType = folder.assetcatalog; path = Assets.xcassets; sourceTree = "<group>"; };
		90C71168278599FF004C7DB0 /* Base */ = {isa = PBXFileReference; lastKnownFileType = file.storyboard; name = Base; path = Base.lproj/LaunchScreen.storyboard; sourceTree = "<group>"; };
		90C7116A278599FF004C7DB0 /* Info.plist */ = {isa = PBXFileReference; lastKnownFileType = text.plist.xml; path = Info.plist; sourceTree = "<group>"; };
		90C7117027859AC4004C7DB0 /* CoinsViewController.swift */ = {isa = PBXFileReference; lastKnownFileType = sourcecode.swift; path = CoinsViewController.swift; sourceTree = "<group>"; };
/* End PBXFileReference section */

/* Begin PBXFrameworksBuildPhase section */
		90C71156278599FE004C7DB0 /* Frameworks */ = {
			isa = PBXFrameworksBuildPhase;
			buildActionMask = 2147483647;
			files = (
				9053AFDD2785BD8800D7571E /* Kingfisher in Frameworks */,
				9053AFD62785B2A100D7571E /* Alamofire in Frameworks */,
			);
			runOnlyForDeploymentPostprocessing = 0;
		};
/* End PBXFrameworksBuildPhase section */

/* Begin PBXGroup section */
		9053AFCF2785AFFE00D7571E /* Scenes */ = {
			isa = PBXGroup;
			children = (
				90C7117027859AC4004C7DB0 /* CoinsViewController.swift */,
				9053AFCD2785AFC300D7571E /* PricesViewController.swift */,
				9053AFD02785B02700D7571E /* NewsViewController.swift */,
				9053AFD22785B05A00D7571E /* DiscoverViewController.swift */,
				90BE57092786C37F00AE4E89 /* CoinDetailViewController.swift */,
			);
			path = Scenes;
			sourceTree = "<group>";
		};
		90BE57022786A3E400AE4E89 /* Cells */ = {
			isa = PBXGroup;
			children = (
				90BE57042786A40800AE4E89 /* Price */,
				90BE57032786A3F700AE4E89 /* Coin */,
			);
			path = Cells;
			sourceTree = "<group>";
		};
		90BE57032786A3F700AE4E89 /* Coin */ = {
			isa = PBXGroup;
			children = (
				9053AFE02785BFF600D7571E /* CoinCell.swift */,
				9053AFE12785BFF600D7571E /* CoinCell.xib */,
				90BE570B2786D47E00AE4E89 /* CoinLinkCell.swift */,
				90BE570C2786D47E00AE4E89 /* CoinLinkCell.xib */,
			);
			path = Coin;
			sourceTree = "<group>";
		};
		90BE57042786A40800AE4E89 /* Price */ = {
			isa = PBXGroup;
			children = (
				90BE57052786A42A00AE4E89 /* PriceCell.swift */,
				90BE57062786A42A00AE4E89 /* PriceCell.xib */,
			);
			path = Price;
			sourceTree = "<group>";
		};
		90C71150278599FE004C7DB0 = {
			isa = PBXGroup;
			children = (
				9053AFD72785B57500D7571E /* CoinData.swift */,
				90C7115B278599FE004C7DB0 /* CoinTracker */,
				90C7115A278599FE004C7DB0 /* Products */,
			);
			sourceTree = "<group>";
		};
		90C7115A278599FE004C7DB0 /* Products */ = {
			isa = PBXGroup;
			children = (
				90C71159278599FE004C7DB0 /* CoinTracker.app */,
			);
			name = Products;
			sourceTree = "<group>";
		};
		90C7115B278599FE004C7DB0 /* CoinTracker */ = {
			isa = PBXGroup;
			children = (
				90C7115C278599FE004C7DB0 /* AppDelegate.swift */,
				90C7115E278599FE004C7DB0 /* SceneDelegate.swift */,
				90C71160278599FE004C7DB0 /* ViewController.swift */,
				90C71162278599FE004C7DB0 /* Main.storyboard */,
				90BE57022786A3E400AE4E89 /* Cells */,
				9053AFCF2785AFFE00D7571E /* Scenes */,
				90C71165278599FF004C7DB0 /* Assets.xcassets */,
				90C71167278599FF004C7DB0 /* LaunchScreen.storyboard */,
				90C7116A278599FF004C7DB0 /* Info.plist */,
			);
			path = CoinTracker;
			sourceTree = "<group>";
		};
/* End PBXGroup section */

/* Begin PBXNativeTarget section */
		90C71158278599FE004C7DB0 /* CoinTracker */ = {
			isa = PBXNativeTarget;
			buildConfigurationList = 90C7116D278599FF004C7DB0 /* Build configuration list for PBXNativeTarget "CoinTracker" */;
			buildPhases = (
				90C71155278599FE004C7DB0 /* Sources */,
				90C71156278599FE004C7DB0 /* Frameworks */,
				90C71157278599FE004C7DB0 /* Resources */,
			);
			buildRules = (
			);
			dependencies = (
			);
			name = CoinTracker;
			packageProductDependencies = (
				9053AFD52785B2A100D7571E /* Alamofire */,
				9053AFDC2785BD8800D7571E /* Kingfisher */,
			);
			productName = CoinTracker;
			productReference = 90C71159278599FE004C7DB0 /* CoinTracker.app */;
			productType = "com.apple.product-type.application";
		};
/* End PBXNativeTarget section */

/* Begin PBXProject section */
		90C71151278599FE004C7DB0 /* Project object */ = {
			isa = PBXProject;
			attributes = {
				BuildIndependentTargetsInParallel = 1;
				LastSwiftUpdateCheck = 1320;
				LastUpgradeCheck = 1320;
				TargetAttributes = {
					90C71158278599FE004C7DB0 = {
						CreatedOnToolsVersion = 13.2.1;
					};
				};
			};
			buildConfigurationList = 90C71154278599FE004C7DB0 /* Build configuration list for PBXProject "CoinTracker" */;
			compatibilityVersion = "Xcode 13.0";
			developmentRegion = en;
			hasScannedForEncodings = 0;
			knownRegions = (
				en,
				Base,
			);
			mainGroup = 90C71150278599FE004C7DB0;
			packageReferences = (
				9053AFD42785B2A100D7571E /* XCRemoteSwiftPackageReference "Alamofire" */,
				9053AFDB2785BD8800D7571E /* XCRemoteSwiftPackageReference "Kingfisher" */,
			);
			productRefGroup = 90C7115A278599FE004C7DB0 /* Products */;
			projectDirPath = "";
			projectRoot = "";
			targets = (
				90C71158278599FE004C7DB0 /* CoinTracker */,
			);
		};
/* End PBXProject section */

/* Begin PBXResourcesBuildPhase section */
		90C71157278599FE004C7DB0 /* Resources */ = {
			isa = PBXResourcesBuildPhase;
			buildActionMask = 2147483647;
			files = (
				90C71169278599FF004C7DB0 /* LaunchScreen.storyboard in Resources */,
				90C71166278599FF004C7DB0 /* Assets.xcassets in Resources */,
				90BE57082786A42A00AE4E89 /* PriceCell.xib in Resources */,
				9053AFE32785BFF600D7571E /* CoinCell.xib in Resources */,
				90BE570E2786D47E00AE4E89 /* CoinLinkCell.xib in Resources */,
				90C71164278599FE004C7DB0 /* Main.storyboard in Resources */,
			);
			runOnlyForDeploymentPostprocessing = 0;
		};
/* End PBXResourcesBuildPhase section */

/* Begin PBXSourcesBuildPhase section */
		90C71155278599FE004C7DB0 /* Sources */ = {
			isa = PBXSourcesBuildPhase;
			buildActionMask = 2147483647;
			files = (
				90C71161278599FE004C7DB0 /* ViewController.swift in Sources */,
				9053AFE22785BFF600D7571E /* CoinCell.swift in Sources */,
				90C7115D278599FE004C7DB0 /* AppDelegate.swift in Sources */,
				90BE57072786A42A00AE4E89 /* PriceCell.swift in Sources */,
				9053AFD32785B05A00D7571E /* DiscoverViewController.swift in Sources */,
				90C7115F278599FE004C7DB0 /* SceneDelegate.swift in Sources */,
				9053AFD82785B57500D7571E /* CoinData.swift in Sources */,
				90BE570A2786C37F00AE4E89 /* CoinDetailViewController.swift in Sources */,
				90BE570D2786D47E00AE4E89 /* CoinLinkCell.swift in Sources */,
				9053AFD12785B02700D7571E /* NewsViewController.swift in Sources */,
				90C7117127859AC4004C7DB0 /* CoinsViewController.swift in Sources */,
				9053AFCE2785AFC300D7571E /* PricesViewController.swift in Sources */,
			);
			runOnlyForDeploymentPostprocessing = 0;
		};
/* End PBXSourcesBuildPhase section */

/* Begin PBXVariantGroup section */
		90C71162278599FE004C7DB0 /* Main.storyboard */ = {
			isa = PBXVariantGroup;
			children = (
				90C71163278599FE004C7DB0 /* Base */,
			);
			name = Main.storyboard;
			sourceTree = "<group>";
		};
		90C71167278599FF004C7DB0 /* LaunchScreen.storyboard */ = {
			isa = PBXVariantGroup;
			children = (
				90C71168278599FF004C7DB0 /* Base */,
			);
			name = LaunchScreen.storyboard;
			sourceTree = "<group>";
		};
/* End PBXVariantGroup section */

/* Begin XCBuildConfiguration section */
		90C7116B278599FF004C7DB0 /* Debug */ = {
			isa = XCBuildConfiguration;
			buildSettings = {
				ALWAYS_SEARCH_USER_PATHS = NO;
				CLANG_ANALYZER_NONNULL = YES;
				CLANG_ANALYZER_NUMBER_OBJECT_CONVERSION = YES_AGGRESSIVE;
				CLANG_CXX_LANGUAGE_STANDARD = "gnu++17";
				CLANG_CXX_LIBRARY = "libc++";
				CLANG_ENABLE_MODULES = YES;
				CLANG_ENABLE_OBJC_ARC = YES;
				CLANG_ENABLE_OBJC_WEAK = YES;
				CLANG_WARN_BLOCK_CAPTURE_AUTORELEASING = YES;
				CLANG_WARN_BOOL_CONVERSION = YES;
				CLANG_WARN_COMMA = YES;
				CLANG_WARN_CONSTANT_CONVERSION = YES;
				CLANG_WARN_DEPRECATED_OBJC_IMPLEMENTATIONS = YES;
				CLANG_WARN_DIRECT_OBJC_ISA_USAGE = YES_ERROR;
				CLANG_WARN_DOCUMENTATION_COMMENTS = YES;
				CLANG_WARN_EMPTY_BODY = YES;
				CLANG_WARN_ENUM_CONVERSION = YES;
				CLANG_WARN_INFINITE_RECURSION = YES;
				CLANG_WARN_INT_CONVERSION = YES;
				CLANG_WARN_NON_LITERAL_NULL_CONVERSION = YES;
				CLANG_WARN_OBJC_IMPLICIT_RETAIN_SELF = YES;
				CLANG_WARN_OBJC_LITERAL_CONVERSION = YES;
				CLANG_WARN_OBJC_ROOT_CLASS = YES_ERROR;
				CLANG_WARN_QUOTED_INCLUDE_IN_FRAMEWORK_HEADER = YES;
				CLANG_WARN_RANGE_LOOP_ANALYSIS = YES;
				CLANG_WARN_STRICT_PROTOTYPES = YES;
				CLANG_WARN_SUSPICIOUS_MOVE = YES;
				CLANG_WARN_UNGUARDED_AVAILABILITY = YES_AGGRESSIVE;
				CLANG_WARN_UNREACHABLE_CODE = YES;
				CLANG_WARN__DUPLICATE_METHOD_MATCH = YES;
				COPY_PHASE_STRIP = NO;
				DEBUG_INFORMATION_FORMAT = dwarf;
				ENABLE_STRICT_OBJC_MSGSEND = YES;
				ENABLE_TESTABILITY = YES;
				GCC_C_LANGUAGE_STANDARD = gnu11;
				GCC_DYNAMIC_NO_PIC = NO;
				GCC_NO_COMMON_BLOCKS = YES;
				GCC_OPTIMIZATION_LEVEL = 0;
				GCC_PREPROCESSOR_DEFINITIONS = (
					"DEBUG=1",
					"$(inherited)",
				);
				GCC_WARN_64_TO_32_BIT_CONVERSION = YES;
				GCC_WARN_ABOUT_RETURN_TYPE = YES_ERROR;
				GCC_WARN_UNDECLARED_SELECTOR = YES;
				GCC_WARN_UNINITIALIZED_AUTOS = YES_AGGRESSIVE;
				GCC_WARN_UNUSED_FUNCTION = YES;
				GCC_WARN_UNUSED_VARIABLE = YES;
				IPHONEOS_DEPLOYMENT_TARGET = 15.2;
				MTL_ENABLE_DEBUG_INFO = INCLUDE_SOURCE;
				MTL_FAST_MATH = YES;
				ONLY_ACTIVE_ARCH = YES;
				SDKROOT = iphoneos;
				SWIFT_ACTIVE_COMPILATION_CONDITIONS = DEBUG;
				SWIFT_OPTIMIZATION_LEVEL = "-Onone";
			};
			name = Debug;
		};
		90C7116C278599FF004C7DB0 /* Release */ = {
			isa = XCBuildConfiguration;
			buildSettings = {
				ALWAYS_SEARCH_USER_PATHS = NO;
				CLANG_ANALYZER_NONNULL = YES;
				CLANG_ANALYZER_NUMBER_OBJECT_CONVERSION = YES_AGGRESSIVE;
				CLANG_CXX_LANGUAGE_STANDARD = "gnu++17";
				CLANG_CXX_LIBRARY = "libc++";
				CLANG_ENABLE_MODULES = YES;
				CLANG_ENABLE_OBJC_ARC = YES;
				CLANG_ENABLE_OBJC_WEAK = YES;
				CLANG_WARN_BLOCK_CAPTURE_AUTORELEASING = YES;
				CLANG_WARN_BOOL_CONVERSION = YES;
				CLANG_WARN_COMMA = YES;
				CLANG_WARN_CONSTANT_CONVERSION = YES;
				CLANG_WARN_DEPRECATED_OBJC_IMPLEMENTATIONS = YES;
				CLANG_WARN_DIRECT_OBJC_ISA_USAGE = YES_ERROR;
				CLANG_WARN_DOCUMENTATION_COMMENTS = YES;
				CLANG_WARN_EMPTY_BODY = YES;
				CLANG_WARN_ENUM_CONVERSION = YES;
				CLANG_WARN_INFINITE_RECURSION = YES;
				CLANG_WARN_INT_CONVERSION = YES;
				CLANG_WARN_NON_LITERAL_NULL_CONVERSION = YES;
				CLANG_WARN_OBJC_IMPLICIT_RETAIN_SELF = YES;
				CLANG_WARN_OBJC_LITERAL_CONVERSION = YES;
				CLANG_WARN_OBJC_ROOT_CLASS = YES_ERROR;
				CLANG_WARN_QUOTED_INCLUDE_IN_FRAMEWORK_HEADER = YES;
				CLANG_WARN_RANGE_LOOP_ANALYSIS = YES;
				CLANG_WARN_STRICT_PROTOTYPES = YES;
				CLANG_WARN_SUSPICIOUS_MOVE = YES;
				CLANG_WARN_UNGUARDED_AVAILABILITY = YES_AGGRESSIVE;
				CLANG_WARN_UNREACHABLE_CODE = YES;
				CLANG_WARN__DUPLICATE_METHOD_MATCH = YES;
				COPY_PHASE_STRIP = NO;
				DEBUG_INFORMATION_FORMAT = "dwarf-with-dsym";
				ENABLE_NS_ASSERTIONS = NO;
				ENABLE_STRICT_OBJC_MSGSEND = YES;
				GCC_C_LANGUAGE_STANDARD = gnu11;
				GCC_NO_COMMON_BLOCKS = YES;
				GCC_WARN_64_TO_32_BIT_CONVERSION = YES;
				GCC_WARN_ABOUT_RETURN_TYPE = YES_ERROR;
				GCC_WARN_UNDECLARED_SELECTOR = YES;
				GCC_WARN_UNINITIALIZED_AUTOS = YES_AGGRESSIVE;
				GCC_WARN_UNUSED_FUNCTION = YES;
				GCC_WARN_UNUSED_VARIABLE = YES;
				IPHONEOS_DEPLOYMENT_TARGET = 15.2;
				MTL_ENABLE_DEBUG_INFO = NO;
				MTL_FAST_MATH = YES;
				SDKROOT = iphoneos;
				SWIFT_COMPILATION_MODE = wholemodule;
				SWIFT_OPTIMIZATION_LEVEL = "-O";
				VALIDATE_PRODUCT = YES;
			};
			name = Release;
		};
		90C7116E278599FF004C7DB0 /* Debug */ = {
			isa = XCBuildConfiguration;
			buildSettings = {
				ASSETCATALOG_COMPILER_APPICON_NAME = AppIcon;
				ASSETCATALOG_COMPILER_GLOBAL_ACCENT_COLOR_NAME = AccentColor;
				CODE_SIGN_STYLE = Automatic;
				CURRENT_PROJECT_VERSION = 1;
				GENERATE_INFOPLIST_FILE = YES;
				INFOPLIST_FILE = CoinTracker/Info.plist;
				INFOPLIST_KEY_UIApplicationSupportsIndirectInputEvents = YES;
				INFOPLIST_KEY_UILaunchStoryboardName = LaunchScreen;
				INFOPLIST_KEY_UIMainStoryboardFile = Main;
				INFOPLIST_KEY_UISupportedInterfaceOrientations_iPad = "UIInterfaceOrientationPortrait UIInterfaceOrientationPortraitUpsideDown UIInterfaceOrientationLandscapeLeft UIInterfaceOrientationLandscapeRight";
				INFOPLIST_KEY_UISupportedInterfaceOrientations_iPhone = "UIInterfaceOrientationPortrait UIInterfaceOrientationLandscapeLeft UIInterfaceOrientationLandscapeRight";
				LD_RUNPATH_SEARCH_PATHS = (
					"$(inherited)",
					"@executable_path/Frameworks",
				);
				MARKETING_VERSION = 1.0;
				PRODUCT_BUNDLE_IDENTIFIER = Self.CoinTracker;
				PRODUCT_NAME = "$(TARGET_NAME)";
				SWIFT_EMIT_LOC_STRINGS = YES;
				SWIFT_VERSION = 5.0;
				TARGETED_DEVICE_FAMILY = 1;
			};
			name = Debug;
		};
		90C7116F278599FF004C7DB0 /* Release */ = {
			isa = XCBuildConfiguration;
			buildSettings = {
				ASSETCATALOG_COMPILER_APPICON_NAME = AppIcon;
				ASSETCATALOG_COMPILER_GLOBAL_ACCENT_COLOR_NAME = AccentColor;
				CODE_SIGN_STYLE = Automatic;
				CURRENT_PROJECT_VERSION = 1;
				GENERATE_INFOPLIST_FILE = YES;
				INFOPLIST_FILE = CoinTracker/Info.plist;
				INFOPLIST_KEY_UIApplicationSupportsIndirectInputEvents = YES;
				INFOPLIST_KEY_UILaunchStoryboardName = LaunchScreen;
				INFOPLIST_KEY_UIMainStoryboardFile = Main;
				INFOPLIST_KEY_UISupportedInterfaceOrientations_iPad = "UIInterfaceOrientationPortrait UIInterfaceOrientationPortraitUpsideDown UIInterfaceOrientationLandscapeLeft UIInterfaceOrientationLandscapeRight";
				INFOPLIST_KEY_UISupportedInterfaceOrientations_iPhone = "UIInterfaceOrientationPortrait UIInterfaceOrientationLandscapeLeft UIInterfaceOrientationLandscapeRight";
				LD_RUNPATH_SEARCH_PATHS = (
					"$(inherited)",
					"@executable_path/Frameworks",
				);
				MARKETING_VERSION = 1.0;
				PRODUCT_BUNDLE_IDENTIFIER = Self.CoinTracker;
				PRODUCT_NAME = "$(TARGET_NAME)";
				SWIFT_EMIT_LOC_STRINGS = YES;
				SWIFT_VERSION = 5.0;
				TARGETED_DEVICE_FAMILY = 1;
			};
			name = Release;
		};
/* End XCBuildConfiguration section */

/* Begin XCConfigurationList section */
		90C71154278599FE004C7DB0 /* Build configuration list for PBXProject "CoinTracker" */ = {
			isa = XCConfigurationList;
			buildConfigurations = (
				90C7116B278599FF004C7DB0 /* Debug */,
				90C7116C278599FF004C7DB0 /* Release */,
			);
			defaultConfigurationIsVisible = 0;
			defaultConfigurationName = Release;
		};
		90C7116D278599FF004C7DB0 /* Build configuration list for PBXNativeTarget "CoinTracker" */ = {
			isa = XCConfigurationList;
			buildConfigurations = (
				90C7116E278599FF004C7DB0 /* Debug */,
				90C7116F278599FF004C7DB0 /* Release */,
			);
			defaultConfigurationIsVisible = 0;
			defaultConfigurationName = Release;
		};
/* End XCConfigurationList section */

/* Begin XCRemoteSwiftPackageReference section */
		9053AFD42785B2A100D7571E /* XCRemoteSwiftPackageReference "Alamofire" */ = {
			isa = XCRemoteSwiftPackageReference;
			repositoryURL = "https://github.com/Alamofire/Alamofire.git";
			requirement = {
				kind = upToNextMajorVersion;
				minimumVersion = 5.0.0;
			};
		};
		9053AFDB2785BD8800D7571E /* XCRemoteSwiftPackageReference "Kingfisher" */ = {
			isa = XCRemoteSwiftPackageReference;
			repositoryURL = "https://github.com/onevcat/Kingfisher.git";
			requirement = {
				branch = master;
				kind = branch;
			};
		};
/* End XCRemoteSwiftPackageReference section */

/* Begin XCSwiftPackageProductDependency section */
		9053AFD52785B2A100D7571E /* Alamofire */ = {
			isa = XCSwiftPackageProductDependency;
			package = 9053AFD42785B2A100D7571E /* XCRemoteSwiftPackageReference "Alamofire" */;
			productName = Alamofire;
		};
		9053AFDC2785BD8800D7571E /* Kingfisher */ = {
			isa = XCSwiftPackageProductDependency;
			package = 9053AFDB2785BD8800D7571E /* XCRemoteSwiftPackageReference "Kingfisher" */;
			productName = Kingfisher;
		};
/* End XCSwiftPackageProductDependency section */
	};
	rootObject = 90C71151278599FE004C7DB0 /* Project object */;
}
